
Microsoft Visual Studio Solution File, Format Version 12.00
# Visual Studio Version 16
VisualStudioVersion = 16.0.31129.286
MinimumVisualStudioVersion = 10.0.40219.1
Project("{8BC9CEB8-8B4A-11D0-8D11-00A0C91BC942}") = "zplay-im", "zplay-im.vcxproj", "{854758DE-7EC0-46AA-A0D4-DE0B55667C4B}"
EndProject
Global
	GlobalSection(SolutionConfigurationPlatforms) = preSolution
		Debug|x64 = Debug|x64
		Debug|x86 = Debug|x86
		Release|x64 = Release|x64
		Release|x86 = Release|x86
	EndGlobalSection
	GlobalSection(ProjectConfigurationPlatforms) = postSolution
		{854758DE-7EC0-46AA-A0D4-DE0B55667C4B}.Debug|x64.ActiveCfg = Debug|x64
		{854758DE-7EC0-46AA-A0D4-DE0B55667C4B}.Debug|x64.Build.0 = Debug|x64
		{854758DE-7EC0-46AA-A0D4-DE0B55667C4B}.Debug|x86.ActiveCfg = Debug|Win32
		{854758DE-7EC0-46AA-A0D4-DE0B55667C4B}.Debug|x86.Build.0 = Debug|Win32
		{854758DE-7EC0-46AA-A0D4-DE0B55667C4B}.Release|x64.ActiveCfg = Release|x64
		{854758DE-7EC0-46AA-A0D4-DE0B55667C4B}.Release|x64.Build.0 = Release|x64
		{854758DE-7EC0-46AA-A0D4-DE0B55667C4B}.Release|x86.ActiveCfg = Release|Win32
		{854758DE-7EC0-46AA-A0D4-DE0B55667C4B}.Release|x86.Build.0 = Release|Win32
	EndGlobalSection
	GlobalSection(SolutionProperties) = preSolution
		HideSolutionNode = FALSE
	EndGlobalSection
	GlobalSection(ExtensibilityGlobals) = postSolution
		SolutionGuid = {24A6B3BB-7671-4479-B557-E93702877039}
	EndGlobalSection
EndGlobal
